
Microsoft Visual Studio Solution File, Format Version 12.00
# Visual Studio Version 16
VisualStudioVersion = 16.0.31829.152
MinimumVisualStudioVersion = 10.0.40219.1
Project("{FAE04EC0-301F-11D3-BF4B-00C04F79EFBC}") = "SimpleNotebookProject", "SimpleNotebookProject\SimpleNotebookProject.csproj", "{17AFC612-5784-4E7A-BF2D-B9ECEBAB30CA}"
EndProject
Global
	GlobalSection(SolutionConfigurationPlatforms) = preSolution
		Debug|Any CPU = Debug|Any CPU
		Release|Any CPU = Release|Any CPU
	EndGlobalSection
	GlobalSection(ProjectConfigurationPlatforms) = postSolution
		{17AFC612-5784-4E7A-BF2D-B9ECEBAB30CA}.Debug|Any CPU.ActiveCfg = Debug|Any CPU
		{17AFC612-5784-4E7A-BF2D-B9ECEBAB30CA}.Debug|Any CPU.Build.0 = Debug|Any CPU
		{17AFC612-5784-4E7A-BF2D-B9ECEBAB30CA}.Release|Any CPU.ActiveCfg = Release|Any CPU
		{17AFC612-5784-4E7A-BF2D-B9ECEBAB30CA}.Release|Any CPU.Build.0 = Release|Any CPU
	EndGlobalSection
	GlobalSection(SolutionProperties) = preSolution
		HideSolutionNode = FALSE
	EndGlobalSection
	GlobalSection(ExtensibilityGlobals) = postSolution
		SolutionGuid = {C9DE386E-BCEC-473F-8185-5682531B32AF}
	EndGlobalSection
EndGlobal
